
Microsoft Visual Studio Solution File, Format Version 12.00
# Visual Studio Version 17
VisualStudioVersion = 17.4.33205.214
MinimumVisualStudioVersion = 10.0.40219.1
Project("{FAE04EC0-301F-11D3-BF4B-00C04F79EFBC}") = "Ders.9", "Ders.9\Ders.9.csproj", "{E2039FAD-4FC5-4B90-B584-5572D368BA3C}"
EndProject
Global
	GlobalSection(SolutionConfigurationPlatforms) = preSolution
		Debug|Any CPU = Debug|Any CPU
		Release|Any CPU = Release|Any CPU
	EndGlobalSection
	GlobalSection(ProjectConfigurationPlatforms) = postSolution
		{E2039FAD-4FC5-4B90-B584-5572D368BA3C}.Debug|Any CPU.ActiveCfg = Debug|Any CPU
		{E2039FAD-4FC5-4B90-B584-5572D368BA3C}.Debug|Any CPU.Build.0 = Debug|Any CPU
		{E2039FAD-4FC5-4B90-B584-5572D368BA3C}.Release|Any CPU.ActiveCfg = Release|Any CPU
		{E2039FAD-4FC5-4B90-B584-5572D368BA3C}.Release|Any CPU.Build.0 = Release|Any CPU
	EndGlobalSection
	GlobalSection(SolutionProperties) = preSolution
		HideSolutionNode = FALSE
	EndGlobalSection
	GlobalSection(ExtensibilityGlobals) = postSolution
		SolutionGuid = {5A42DAE4-90C9-40EE-A115-F9207A602F60}
	EndGlobalSection
EndGlobal
